// !$*UTF8*$!
{
	archiveVersion = 1;
	classes = {
	};
	objectVersion = 50;
	objects = {

/* Begin PBXBuildFile section */
		20C72BFD21EE9FF2006CEFC7 /* AppDelegate.swift in Sources */ = {isa = PBXBuildFile; fileRef = 20C72BFC21EE9FF2006CEFC7 /* AppDelegate.swift */; };
		20C72BFF21EE9FF2006CEFC7 /* LoginViewController.swift in Sources */ = {isa = PBXBuildFile; fileRef = 20C72BFE21EE9FF2006CEFC7 /* LoginViewController.swift */; };
		20C72C0221EE9FF2006CEFC7 /* Main.storyboard in Resources */ = {isa = PBXBuildFile; fileRef = 20C72C0021EE9FF2006CEFC7 /* Main.storyboard */; };
		20C72C0421EE9FF3006CEFC7 /* Assets.xcassets in Resources */ = {isa = PBXBuildFile; fileRef = 20C72C0321EE9FF3006CEFC7 /* Assets.xcassets */; };
		20C72C0721EE9FF3006CEFC7 /* LaunchScreen.storyboard in Resources */ = {isa = PBXBuildFile; fileRef = 20C72C0521EE9FF3006CEFC7 /* LaunchScreen.storyboard */; };
		20C72C1221EE9FF3006CEFC7 /* swifty_proteinTests.swift in Sources */ = {isa = PBXBuildFile; fileRef = 20C72C1121EE9FF3006CEFC7 /* swifty_proteinTests.swift */; };
		20C72C1D21EE9FF3006CEFC7 /* swifty_proteinUITests.swift in Sources */ = {isa = PBXBuildFile; fileRef = 20C72C1C21EE9FF3006CEFC7 /* swifty_proteinUITests.swift */; };
/* End PBXBuildFile section */

/* Begin PBXContainerItemProxy section */
		20C72C0E21EE9FF3006CEFC7 /* PBXContainerItemProxy */ = {
			isa = PBXContainerItemProxy;
			containerPortal = 20C72BF121EE9FF2006CEFC7 /* Project object */;
			proxyType = 1;
			remoteGlobalIDString = 20C72BF821EE9FF2006CEFC7;
			remoteInfo = "swifty-protein";
		};
		20C72C1921EE9FF3006CEFC7 /* PBXContainerItemProxy */ = {
			isa = PBXContainerItemProxy;
			containerPortal = 20C72BF121EE9FF2006CEFC7 /* Project object */;
			proxyType = 1;
			remoteGlobalIDString = 20C72BF821EE9FF2006CEFC7;
			remoteInfo = "swifty-protein";
		};
/* End PBXContainerItemProxy section */

/* Begin PBXFileReference section */
		20C72BF921EE9FF2006CEFC7 /* swifty-protein.app */ = {isa = PBXFileReference; explicitFileType = wrapper.application; includeInIndex = 0; path = "swifty-protein.app"; sourceTree = BUILT_PRODUCTS_DIR; };
		20C72BFC21EE9FF2006CEFC7 /* AppDelegate.swift */ = {isa = PBXFileReference; lastKnownFileType = sourcecode.swift; path = AppDelegate.swift; sourceTree = "<group>"; };
		20C72BFE21EE9FF2006CEFC7 /* LoginViewController.swift */ = {isa = PBXFileReference; lastKnownFileType = sourcecode.swift; path = LoginViewController.swift; sourceTree = "<group>"; };
		20C72C0121EE9FF2006CEFC7 /* Base */ = {isa = PBXFileReference; lastKnownFileType = file.storyboard; name = Base; path = Base.lproj/Main.storyboard; sourceTree = "<group>"; };
		20C72C0321EE9FF3006CEFC7 /* Assets.xcassets */ = {isa = PBXFileReference; lastKnownFileType = folder.assetcatalog; path = Assets.xcassets; sourceTree = "<group>"; };
		20C72C0621EE9FF3006CEFC7 /* Base */ = {isa = PBXFileReference; lastKnownFileType = file.storyboard; name = Base; path = Base.lproj/LaunchScreen.storyboard; sourceTree = "<group>"; };
		20C72C0821EE9FF3006CEFC7 /* Info.plist */ = {isa = PBXFileReference; lastKnownFileType = text.plist.xml; path = Info.plist; sourceTree = "<group>"; };
		20C72C0D21EE9FF3006CEFC7 /* swifty-proteinTests.xctest */ = {isa = PBXFileReference; explicitFileType = wrapper.cfbundle; includeInIndex = 0; path = "swifty-proteinTests.xctest"; sourceTree = BUILT_PRODUCTS_DIR; };
		20C72C1121EE9FF3006CEFC7 /* swifty_proteinTests.swift */ = {isa = PBXFileReference; lastKnownFileType = sourcecode.swift; path = swifty_proteinTests.swift; sourceTree = "<group>"; };
		20C72C1321EE9FF3006CEFC7 /* Info.plist */ = {isa = PBXFileReference; lastKnownFileType = text.plist.xml; path = Info.plist; sourceTree = "<group>"; };
		20C72C1821EE9FF3006CEFC7 /* swifty-proteinUITests.xctest */ = {isa = PBXFileReference; explicitFileType = wrapper.cfbundle; includeInIndex = 0; path = "swifty-proteinUITests.xctest"; sourceTree = BUILT_PRODUCTS_DIR; };
		20C72C1C21EE9FF3006CEFC7 /* swifty_proteinUITests.swift */ = {isa = PBXFileReference; lastKnownFileType = sourcecode.swift; path = swifty_proteinUITests.swift; sourceTree = "<group>"; };
		20C72C1E21EE9FF3006CEFC7 /* Info.plist */ = {isa = PBXFileReference; lastKnownFileType = text.plist.xml; path = Info.plist; sourceTree = "<group>"; };
/* End PBXFileReference section */

/* Begin PBXFrameworksBuildPhase section */
		20C72BF621EE9FF2006CEFC7 /* Frameworks */ = {
			isa = PBXFrameworksBuildPhase;
			buildActionMask = 2147483647;
			files = (
			);
			runOnlyForDeploymentPostprocessing = 0;
		};
		20C72C0A21EE9FF3006CEFC7 /* Frameworks */ = {
			isa = PBXFrameworksBuildPhase;
			buildActionMask = 2147483647;
			files = (
			);
			runOnlyForDeploymentPostprocessing = 0;
		};
		20C72C1521EE9FF3006CEFC7 /* Frameworks */ = {
			isa = PBXFrameworksBuildPhase;
			buildActionMask = 2147483647;
			files = (
			);
			runOnlyForDeploymentPostprocessing = 0;
		};
/* End PBXFrameworksBuildPhase section */

/* Begin PBXGroup section */
		20C72BF021EE9FF2006CEFC7 = {
			isa = PBXGroup;
			children = (
				20C72BFB21EE9FF2006CEFC7 /* swifty-protein */,
				20C72C1021EE9FF3006CEFC7 /* swifty-proteinTests */,
				20C72C1B21EE9FF3006CEFC7 /* swifty-proteinUITests */,
				20C72BFA21EE9FF2006CEFC7 /* Products */,
			);
			sourceTree = "<group>";
		};
		20C72BFA21EE9FF2006CEFC7 /* Products */ = {
			isa = PBXGroup;
			children = (
				20C72BF921EE9FF2006CEFC7 /* swifty-protein.app */,
				20C72C0D21EE9FF3006CEFC7 /* swifty-proteinTests.xctest */,
				20C72C1821EE9FF3006CEFC7 /* swifty-proteinUITests.xctest */,
			);
			name = Products;
			sourceTree = "<group>";
		};
		20C72BFB21EE9FF2006CEFC7 /* swifty-protein */ = {
			isa = PBXGroup;
			children = (
				20C72BFC21EE9FF2006CEFC7 /* AppDelegate.swift */,
				20C72BFE21EE9FF2006CEFC7 /* LoginViewController.swift */,
				20C72C0021EE9FF2006CEFC7 /* Main.storyboard */,
				20C72C0321EE9FF3006CEFC7 /* Assets.xcassets */,
				20C72C0521EE9FF3006CEFC7 /* LaunchScreen.storyboard */,
				20C72C0821EE9FF3006CEFC7 /* Info.plist */,
			);
			path = "swifty-protein";
			sourceTree = "<group>";
		};
		20C72C1021EE9FF3006CEFC7 /* swifty-proteinTests */ = {
			isa = PBXGroup;
			children = (
				20C72C1121EE9FF3006CEFC7 /* swifty_proteinTests.swift */,
				20C72C1321EE9FF3006CEFC7 /* Info.plist */,
			);
			path = "swifty-proteinTests";
			sourceTree = "<group>";
		};
		20C72C1B21EE9FF3006CEFC7 /* swifty-proteinUITests */ = {
			isa = PBXGroup;
			children = (
				20C72C1C21EE9FF3006CEFC7 /* swifty_proteinUITests.swift */,
				20C72C1E21EE9FF3006CEFC7 /* Info.plist */,
			);
			path = "swifty-proteinUITests";
			sourceTree = "<group>";
		};
/* End PBXGroup section */

/* Begin PBXNativeTarget section */
		20C72BF821EE9FF2006CEFC7 /* swifty-protein */ = {
			isa = PBXNativeTarget;
			buildConfigurationList = 20C72C2121EE9FF3006CEFC7 /* Build configuration list for PBXNativeTarget "swifty-protein" */;
			buildPhases = (
				20C72BF521EE9FF2006CEFC7 /* Sources */,
				20C72BF621EE9FF2006CEFC7 /* Frameworks */,
				20C72BF721EE9FF2006CEFC7 /* Resources */,
			);
			buildRules = (
			);
			dependencies = (
			);
			name = "swifty-protein";
			productName = "swifty-protein";
			productReference = 20C72BF921EE9FF2006CEFC7 /* swifty-protein.app */;
			productType = "com.apple.product-type.application";
		};
		20C72C0C21EE9FF3006CEFC7 /* swifty-proteinTests */ = {
			isa = PBXNativeTarget;
			buildConfigurationList = 20C72C2421EE9FF3006CEFC7 /* Build configuration list for PBXNativeTarget "swifty-proteinTests" */;
			buildPhases = (
				20C72C0921EE9FF3006CEFC7 /* Sources */,
				20C72C0A21EE9FF3006CEFC7 /* Frameworks */,
				20C72C0B21EE9FF3006CEFC7 /* Resources */,
			);
			buildRules = (
			);
			dependencies = (
				20C72C0F21EE9FF3006CEFC7 /* PBXTargetDependency */,
			);
			name = "swifty-proteinTests";
			productName = "swifty-proteinTests";
			productReference = 20C72C0D21EE9FF3006CEFC7 /* swifty-proteinTests.xctest */;
			productType = "com.apple.product-type.bundle.unit-test";
		};
		20C72C1721EE9FF3006CEFC7 /* swifty-proteinUITests */ = {
			isa = PBXNativeTarget;
			buildConfigurationList = 20C72C2721EE9FF3006CEFC7 /* Build configuration list for PBXNativeTarget "swifty-proteinUITests" */;
			buildPhases = (
				20C72C1421EE9FF3006CEFC7 /* Sources */,
				20C72C1521EE9FF3006CEFC7 /* Frameworks */,
				20C72C1621EE9FF3006CEFC7 /* Resources */,
			);
			buildRules = (
			);
			dependencies = (
				20C72C1A21EE9FF3006CEFC7 /* PBXTargetDependency */,
			);
			name = "swifty-proteinUITests";
			productName = "swifty-proteinUITests";
			productReference = 20C72C1821EE9FF3006CEFC7 /* swifty-proteinUITests.xctest */;
			productType = "com.apple.product-type.bundle.ui-testing";
		};
/* End PBXNativeTarget section */

/* Begin PBXProject section */
		20C72BF121EE9FF2006CEFC7 /* Project object */ = {
			isa = PBXProject;
			attributes = {
				LastSwiftUpdateCheck = 1010;
				LastUpgradeCheck = 1010;
				ORGANIZATIONNAME = "Kristine Sonu";
				TargetAttributes = {
					20C72BF821EE9FF2006CEFC7 = {
						CreatedOnToolsVersion = 10.1;
					};
					20C72C0C21EE9FF3006CEFC7 = {
						CreatedOnToolsVersion = 10.1;
						TestTargetID = 20C72BF821EE9FF2006CEFC7;
					};
					20C72C1721EE9FF3006CEFC7 = {
						CreatedOnToolsVersion = 10.1;
						TestTargetID = 20C72BF821EE9FF2006CEFC7;
					};
				};
			};
			buildConfigurationList = 20C72BF421EE9FF2006CEFC7 /* Build configuration list for PBXProject "swifty-protein" */;
			compatibilityVersion = "Xcode 9.3";
			developmentRegion = en;
			hasScannedForEncodings = 0;
			knownRegions = (
				en,
				Base,
			);
			mainGroup = 20C72BF021EE9FF2006CEFC7;
			productRefGroup = 20C72BFA21EE9FF2006CEFC7 /* Products */;
			projectDirPath = "";
			projectRoot = "";
			targets = (
				20C72BF821EE9FF2006CEFC7 /* swifty-protein */,
				20C72C0C21EE9FF3006CEFC7 /* swifty-proteinTests */,
				20C72C1721EE9FF3006CEFC7 /* swifty-proteinUITests */,
			);
		};
/* End PBXProject section */

/* Begin PBXResourcesBuildPhase section */
		20C72BF721EE9FF2006CEFC7 /* Resources */ = {
			isa = PBXResourcesBuildPhase;
			buildActionMask = 2147483647;
			files = (
				20C72C0721EE9FF3006CEFC7 /* LaunchScreen.storyboard in Resources */,
				20C72C0421EE9FF3006CEFC7 /* Assets.xcassets in Resources */,
				20C72C0221EE9FF2006CEFC7 /* Main.storyboard in Resources */,
			);
			runOnlyForDeploymentPostprocessing = 0;
		};
		20C72C0B21EE9FF3006CEFC7 /* Resources */ = {
			isa = PBXResourcesBuildPhase;
			buildActionMask = 2147483647;
			files = (
			);
			runOnlyForDeploymentPostprocessing = 0;
		};
		20C72C1621EE9FF3006CEFC7 /* Resources */ = {
			isa = PBXResourcesBuildPhase;
			buildActionMask = 2147483647;
			files = (
			);
			runOnlyForDeploymentPostprocessing = 0;
		};
/* End PBXResourcesBuildPhase section */

/* Begin PBXSourcesBuildPhase section */
		20C72BF521EE9FF2006CEFC7 /* Sources */ = {
			isa = PBXSourcesBuildPhase;
			buildActionMask = 2147483647;
			files = (
				20C72BFF21EE9FF2006CEFC7 /* LoginViewController.swift in Sources */,
				20C72BFD21EE9FF2006CEFC7 /* AppDelegate.swift in Sources */,
			);
			runOnlyForDeploymentPostprocessing = 0;
		};
		20C72C0921EE9FF3006CEFC7 /* Sources */ = {
			isa = PBXSourcesBuildPhase;
			buildActionMask = 2147483647;
			files = (
				20C72C1221EE9FF3006CEFC7 /* swifty_proteinTests.swift in Sources */,
			);
			runOnlyForDeploymentPostprocessing = 0;
		};
		20C72C1421EE9FF3006CEFC7 /* Sources */ = {
			isa = PBXSourcesBuildPhase;
			buildActionMask = 2147483647;
			files = (
				20C72C1D21EE9FF3006CEFC7 /* swifty_proteinUITests.swift in Sources */,
			);
			runOnlyForDeploymentPostprocessing = 0;
		};
/* End PBXSourcesBuildPhase section */

/* Begin PBXTargetDependency section */
		20C72C0F21EE9FF3006CEFC7 /* PBXTargetDependency */ = {
			isa = PBXTargetDependency;
			target = 20C72BF821EE9FF2006CEFC7 /* swifty-protein */;
			targetProxy = 20C72C0E21EE9FF3006CEFC7 /* PBXContainerItemProxy */;
		};
		20C72C1A21EE9FF3006CEFC7 /* PBXTargetDependency */ = {
			isa = PBXTargetDependency;
			target = 20C72BF821EE9FF2006CEFC7 /* swifty-protein */;
			targetProxy = 20C72C1921EE9FF3006CEFC7 /* PBXContainerItemProxy */;
		};
/* End PBXTargetDependency section */

/* Begin PBXVariantGroup section */
		20C72C0021EE9FF2006CEFC7 /* Main.storyboard */ = {
			isa = PBXVariantGroup;
			children = (
				20C72C0121EE9FF2006CEFC7 /* Base */,
			);
			name = Main.storyboard;
			sourceTree = "<group>";
		};
		20C72C0521EE9FF3006CEFC7 /* LaunchScreen.storyboard */ = {
			isa = PBXVariantGroup;
			children = (
				20C72C0621EE9FF3006CEFC7 /* Base */,
			);
			name = LaunchScreen.storyboard;
			sourceTree = "<group>";
		};
/* End PBXVariantGroup section */

/* Begin XCBuildConfiguration section */
		20C72C1F21EE9FF3006CEFC7 /* Debug */ = {
			isa = XCBuildConfiguration;
			buildSettings = {
				ALWAYS_SEARCH_USER_PATHS = NO;
				CLANG_ANALYZER_NONNULL = YES;
				CLANG_ANALYZER_NUMBER_OBJECT_CONVERSION = YES_AGGRESSIVE;
				CLANG_CXX_LANGUAGE_STANDARD = "gnu++14";
				CLANG_CXX_LIBRARY = "libc++";
				CLANG_ENABLE_MODULES = YES;
				CLANG_ENABLE_OBJC_ARC = YES;
				CLANG_ENABLE_OBJC_WEAK = YES;
				CLANG_WARN_BLOCK_CAPTURE_AUTORELEASING = YES;
				CLANG_WARN_BOOL_CONVERSION = YES;
				CLANG_WARN_COMMA = YES;
				CLANG_WARN_CONSTANT_CONVERSION = YES;
				CLANG_WARN_DEPRECATED_OBJC_IMPLEMENTATIONS = YES;
				CLANG_WARN_DIRECT_OBJC_ISA_USAGE = YES_ERROR;
				CLANG_WARN_DOCUMENTATION_COMMENTS = YES;
				CLANG_WARN_EMPTY_BODY = YES;
				CLANG_WARN_ENUM_CONVERSION = YES;
				CLANG_WARN_INFINITE_RECURSION = YES;
				CLANG_WARN_INT_CONVERSION = YES;
				CLANG_WARN_NON_LITERAL_NULL_CONVERSION = YES;
				CLANG_WARN_OBJC_IMPLICIT_RETAIN_SELF = YES;
				CLANG_WARN_OBJC_LITERAL_CONVERSION = YES;
				CLANG_WARN_OBJC_ROOT_CLASS = YES_ERROR;
				CLANG_WARN_RANGE_LOOP_ANALYSIS = YES;
				CLANG_WARN_STRICT_PROTOTYPES = YES;
				CLANG_WARN_SUSPICIOUS_MOVE = YES;
				CLANG_WARN_UNGUARDED_AVAILABILITY = YES_AGGRESSIVE;
				CLANG_WARN_UNREACHABLE_CODE = YES;
				CLANG_WARN__DUPLICATE_METHOD_MATCH = YES;
				CODE_SIGN_IDENTITY = "iPhone Developer";
				COPY_PHASE_STRIP = NO;
				DEBUG_INFORMATION_FORMAT = dwarf;
				ENABLE_STRICT_OBJC_MSGSEND = YES;
				ENABLE_TESTABILITY = YES;
				GCC_C_LANGUAGE_STANDARD = gnu11;
				GCC_DYNAMIC_NO_PIC = NO;
				GCC_NO_COMMON_BLOCKS = YES;
				GCC_OPTIMIZATION_LEVEL = 0;
				GCC_PREPROCESSOR_DEFINITIONS = (
					"DEBUG=1",
					"$(inherited)",
				);
				GCC_WARN_64_TO_32_BIT_CONVERSION = YES;
				GCC_WARN_ABOUT_RETURN_TYPE = YES_ERROR;
				GCC_WARN_UNDECLARED_SELECTOR = YES;
				GCC_WARN_UNINITIALIZED_AUTOS = YES_AGGRESSIVE;
				GCC_WARN_UNUSED_FUNCTION = YES;
				GCC_WARN_UNUSED_VARIABLE = YES;
				IPHONEOS_DEPLOYMENT_TARGET = 12.1;
				MTL_ENABLE_DEBUG_INFO = INCLUDE_SOURCE;
				MTL_FAST_MATH = YES;
				ONLY_ACTIVE_ARCH = YES;
				SDKROOT = iphoneos;
				SWIFT_ACTIVE_COMPILATION_CONDITIONS = DEBUG;
				SWIFT_OPTIMIZATION_LEVEL = "-Onone";
			};
			name = Debug;
		};
		20C72C2021EE9FF3006CEFC7 /* Release */ = {
			isa = XCBuildConfiguration;
			buildSettings = {
				ALWAYS_SEARCH_USER_PATHS = NO;
				CLANG_ANALYZER_NONNULL = YES;
				CLANG_ANALYZER_NUMBER_OBJECT_CONVERSION = YES_AGGRESSIVE;
				CLANG_CXX_LANGUAGE_STANDARD = "gnu++14";
				CLANG_CXX_LIBRARY = "libc++";
				CLANG_ENABLE_MODULES = YES;
				CLANG_ENABLE_OBJC_ARC = YES;
				CLANG_ENABLE_OBJC_WEAK = YES;
				CLANG_WARN_BLOCK_CAPTURE_AUTORELEASING = YES;
				CLANG_WARN_BOOL_CONVERSION = YES;
				CLANG_WARN_COMMA = YES;
				CLANG_WARN_CONSTANT_CONVERSION = YES;
				CLANG_WARN_DEPRECATED_OBJC_IMPLEMENTATIONS = YES;
				CLANG_WARN_DIRECT_OBJC_ISA_USAGE = YES_ERROR;
				CLANG_WARN_DOCUMENTATION_COMMENTS = YES;
				CLANG_WARN_EMPTY_BODY = YES;
				CLANG_WARN_ENUM_CONVERSION = YES;
				CLANG_WARN_INFINITE_RECURSION = YES;
				CLANG_WARN_INT_CONVERSION = YES;
				CLANG_WARN_NON_LITERAL_NULL_CONVERSION = YES;
				CLANG_WARN_OBJC_IMPLICIT_RETAIN_SELF = YES;
				CLANG_WARN_OBJC_LITERAL_CONVERSION = YES;
				CLANG_WARN_OBJC_ROOT_CLASS = YES_ERROR;
				CLANG_WARN_RANGE_LOOP_ANALYSIS = YES;
				CLANG_WARN_STRICT_PROTOTYPES = YES;
				CLANG_WARN_SUSPICIOUS_MOVE = YES;
				CLANG_WARN_UNGUARDED_AVAILABILITY = YES_AGGRESSIVE;
				CLANG_WARN_UNREACHABLE_CODE = YES;
				CLANG_WARN__DUPLICATE_METHOD_MATCH = YES;
				CODE_SIGN_IDENTITY = "iPhone Developer";
				COPY_PHASE_STRIP = NO;
				DEBUG_INFORMATION_FORMAT = "dwarf-with-dsym";
				ENABLE_NS_ASSERTIONS = NO;
				ENABLE_STRICT_OBJC_MSGSEND = YES;
				GCC_C_LANGUAGE_STANDARD = gnu11;
				GCC_NO_COMMON_BLOCKS = YES;
				GCC_WARN_64_TO_32_BIT_CONVERSION = YES;
				GCC_WARN_ABOUT_RETURN_TYPE = YES_ERROR;
				GCC_WARN_UNDECLARED_SELECTOR = YES;
				GCC_WARN_UNINITIALIZED_AUTOS = YES_AGGRESSIVE;
				GCC_WARN_UNUSED_FUNCTION = YES;
				GCC_WARN_UNUSED_VARIABLE = YES;
				IPHONEOS_DEPLOYMENT_TARGET = 12.1;
				MTL_ENABLE_DEBUG_INFO = NO;
				MTL_FAST_MATH = YES;
				SDKROOT = iphoneos;
				SWIFT_COMPILATION_MODE = wholemodule;
				SWIFT_OPTIMIZATION_LEVEL = "-O";
				VALIDATE_PRODUCT = YES;
			};
			name = Release;
		};
		20C72C2221EE9FF3006CEFC7 /* Debug */ = {
			isa = XCBuildConfiguration;
			buildSettings = {
				ASSETCATALOG_COMPILER_APPICON_NAME = AppIcon;
				CODE_SIGN_STYLE = Automatic;
				INFOPLIST_FILE = "swifty-protein/Info.plist";
				LD_RUNPATH_SEARCH_PATHS = (
					"$(inherited)",
					"@executable_path/Frameworks",
				);
				PRODUCT_BUNDLE_IDENTIFIER = "fortytwo.swifty-protein";
				PRODUCT_NAME = "$(TARGET_NAME)";
				SWIFT_VERSION = 4.2;
				TARGETED_DEVICE_FAMILY = "1,2";
			};
			name = Debug;
		};
		20C72C2321EE9FF3006CEFC7 /* Release */ = {
			isa = XCBuildConfiguration;
			buildSettings = {
				ASSETCATALOG_COMPILER_APPICON_NAME = AppIcon;
				CODE_SIGN_STYLE = Automatic;
				INFOPLIST_FILE = "swifty-protein/Info.plist";
				LD_RUNPATH_SEARCH_PATHS = (
					"$(inherited)",
					"@executable_path/Frameworks",
				);
				PRODUCT_BUNDLE_IDENTIFIER = "fortytwo.swifty-protein";
				PRODUCT_NAME = "$(TARGET_NAME)";
				SWIFT_VERSION = 4.2;
				TARGETED_DEVICE_FAMILY = "1,2";
			};
			name = Release;
		};
		20C72C2521EE9FF3006CEFC7 /* Debug */ = {
			isa = XCBuildConfiguration;
			buildSettings = {
				ALWAYS_EMBED_SWIFT_STANDARD_LIBRARIES = YES;
				BUNDLE_LOADER = "$(TEST_HOST)";
				CODE_SIGN_STYLE = Automatic;
				INFOPLIST_FILE = "swifty-proteinTests/Info.plist";
				LD_RUNPATH_SEARCH_PATHS = (
					"$(inherited)",
					"@executable_path/Frameworks",
					"@loader_path/Frameworks",
				);
				PRODUCT_BUNDLE_IDENTIFIER = "fortytwo.swifty-proteinTests";
				PRODUCT_NAME = "$(TARGET_NAME)";
				SWIFT_VERSION = 4.2;
				TARGETED_DEVICE_FAMILY = "1,2";
				TEST_HOST = "$(BUILT_PRODUCTS_DIR)/swifty-protein.app/swifty-protein";
			};
			name = Debug;
		};
		20C72C2621EE9FF3006CEFC7 /* Release */ = {
			isa = XCBuildConfiguration;
			buildSettings = {
				ALWAYS_EMBED_SWIFT_STANDARD_LIBRARIES = YES;
				BUNDLE_LOADER = "$(TEST_HOST)";
				CODE_SIGN_STYLE = Automatic;
				INFOPLIST_FILE = "swifty-proteinTests/Info.plist";
				LD_RUNPATH_SEARCH_PATHS = (
					"$(inherited)",
					"@executable_path/Frameworks",
					"@loader_path/Frameworks",
				);
				PRODUCT_BUNDLE_IDENTIFIER = "fortytwo.swifty-proteinTests";
				PRODUCT_NAME = "$(TARGET_NAME)";
				SWIFT_VERSION = 4.2;
				TARGETED_DEVICE_FAMILY = "1,2";
				TEST_HOST = "$(BUILT_PRODUCTS_DIR)/swifty-protein.app/swifty-protein";
			};
			name = Release;
		};
		20C72C2821EE9FF3006CEFC7 /* Debug */ = {
			isa = XCBuildConfiguration;
			buildSettings = {
				ALWAYS_EMBED_SWIFT_STANDARD_LIBRARIES = YES;
				CODE_SIGN_STYLE = Automatic;
				INFOPLIST_FILE = "swifty-proteinUITests/Info.plist";
				LD_RUNPATH_SEARCH_PATHS = (
					"$(inherited)",
					"@executable_path/Frameworks",
					"@loader_path/Frameworks",
				);
				PRODUCT_BUNDLE_IDENTIFIER = "fortytwo.swifty-proteinUITests";
				PRODUCT_NAME = "$(TARGET_NAME)";
				SWIFT_VERSION = 4.2;
				TARGETED_DEVICE_FAMILY = "1,2";
				TEST_TARGET_NAME = "swifty-protein";
			};
			name = Debug;
		};
		20C72C2921EE9FF3006CEFC7 /* Release */ = {
			isa = XCBuildConfiguration;
			buildSettings = {
				ALWAYS_EMBED_SWIFT_STANDARD_LIBRARIES = YES;
				CODE_SIGN_STYLE = Automatic;
				INFOPLIST_FILE = "swifty-proteinUITests/Info.plist";
				LD_RUNPATH_SEARCH_PATHS = (
					"$(inherited)",
					"@executable_path/Frameworks",
					"@loader_path/Frameworks",
				);
				PRODUCT_BUNDLE_IDENTIFIER = "fortytwo.swifty-proteinUITests";
				PRODUCT_NAME = "$(TARGET_NAME)";
				SWIFT_VERSION = 4.2;
				TARGETED_DEVICE_FAMILY = "1,2";
				TEST_TARGET_NAME = "swifty-protein";
			};
			name = Release;
		};
/* End XCBuildConfiguration section */

/* Begin XCConfigurationList section */
		20C72BF421EE9FF2006CEFC7 /* Build configuration list for PBXProject "swifty-protein" */ = {
			isa = XCConfigurationList;
			buildConfigurations = (
				20C72C1F21EE9FF3006CEFC7 /* Debug */,
				20C72C2021EE9FF3006CEFC7 /* Release */,
			);
			defaultConfigurationIsVisible = 0;
			defaultConfigurationName = Release;
		};
		20C72C2121EE9FF3006CEFC7 /* Build configuration list for PBXNativeTarget "swifty-protein" */ = {
			isa = XCConfigurationList;
			buildConfigurations = (
				20C72C2221EE9FF3006CEFC7 /* Debug */,
				20C72C2321EE9FF3006CEFC7 /* Release */,
			);
			defaultConfigurationIsVisible = 0;
			defaultConfigurationName = Release;
		};
		20C72C2421EE9FF3006CEFC7 /* Build configuration list for PBXNativeTarget "swifty-proteinTests" */ = {
			isa = XCConfigurationList;
			buildConfigurations = (
				20C72C2521EE9FF3006CEFC7 /* Debug */,
				20C72C2621EE9FF3006CEFC7 /* Release */,
			);
			defaultConfigurationIsVisible = 0;
			defaultConfigurationName = Release;
		};
		20C72C2721EE9FF3006CEFC7 /* Build configuration list for PBXNativeTarget "swifty-proteinUITests" */ = {
			isa = XCConfigurationList;
			buildConfigurations = (
				20C72C2821EE9FF3006CEFC7 /* Debug */,
				20C72C2921EE9FF3006CEFC7 /* Release */,
			);
			defaultConfigurationIsVisible = 0;
			defaultConfigurationName = Release;
		};
/* End XCConfigurationList section */
	};
	rootObject = 20C72BF121EE9FF2006CEFC7 /* Project object */;
}
